
Microsoft Visual Studio Solution File, Format Version 12.00
# Visual Studio Version 17
VisualStudioVersion = 17.11.35312.102
MinimumVisualStudioVersion = 10.0.40219.1
Project("{FAE04EC0-301F-11D3-BF4B-00C04F79EFBC}") = "RealWorldObject", "RealWorldObject\RealWorldObject.csproj", "{7A85A3A9-C69A-4D55-93F7-A31558917282}"
EndProject
Global
	GlobalSection(SolutionConfigurationPlatforms) = preSolution
		Debug|Any CPU = Debug|Any CPU
		Release|Any CPU = Release|Any CPU
	EndGlobalSection
	GlobalSection(ProjectConfigurationPlatforms) = postSolution
		{7A85A3A9-C69A-4D55-93F7-A31558917282}.Debug|Any CPU.ActiveCfg = Debug|Any CPU
		{7A85A3A9-C69A-4D55-93F7-A31558917282}.Debug|Any CPU.Build.0 = Debug|Any CPU
		{7A85A3A9-C69A-4D55-93F7-A31558917282}.Release|Any CPU.ActiveCfg = Release|Any CPU
		{7A85A3A9-C69A-4D55-93F7-A31558917282}.Release|Any CPU.Build.0 = Release|Any CPU
	EndGlobalSection
	GlobalSection(SolutionProperties) = preSolution
		HideSolutionNode = FALSE
	EndGlobalSection
	GlobalSection(ExtensibilityGlobals) = postSolution
		SolutionGuid = {699A86C7-5B15-4397-A59E-0BE11AEEBCFE}
	EndGlobalSection
EndGlobal
